
Microsoft Visual Studio Solution File, Format Version 12.00
# Visual Studio Version 16
VisualStudioVersion = 16.0.34031.81
MinimumVisualStudioVersion = 10.0.40219.1
Project("{FAE04EC0-301F-11D3-BF4B-00C04F79EFBC}") = "ProjetoMemoriaPrincipal-AlunosFatec", "ProjetoMemoriaPrincipal-AlunosFatec\ProjetoMemoriaPrincipal-AlunosFatec.csproj", "{EFBD6B22-BEFF-49C5-B5B1-F7B27DAD1B54}"
EndProject
Global
	GlobalSection(SolutionConfigurationPlatforms) = preSolution
		Debug|Any CPU = Debug|Any CPU
		Release|Any CPU = Release|Any CPU
	EndGlobalSection
	GlobalSection(ProjectConfigurationPlatforms) = postSolution
		{EFBD6B22-BEFF-49C5-B5B1-F7B27DAD1B54}.Debug|Any CPU.ActiveCfg = Debug|Any CPU
		{EFBD6B22-BEFF-49C5-B5B1-F7B27DAD1B54}.Debug|Any CPU.Build.0 = Debug|Any CPU
		{EFBD6B22-BEFF-49C5-B5B1-F7B27DAD1B54}.Release|Any CPU.ActiveCfg = Release|Any CPU
		{EFBD6B22-BEFF-49C5-B5B1-F7B27DAD1B54}.Release|Any CPU.Build.0 = Release|Any CPU
	EndGlobalSection
	GlobalSection(SolutionProperties) = preSolution
		HideSolutionNode = FALSE
	EndGlobalSection
	GlobalSection(ExtensibilityGlobals) = postSolution
		SolutionGuid = {2BDC2320-F9EF-4C84-BE45-723B7EC13562}
	EndGlobalSection
EndGlobal
